
Microsoft Visual Studio Solution File, Format Version 12.00
# Visual Studio Version 17
VisualStudioVersion = 17.7.34202.233
MinimumVisualStudioVersion = 10.0.40219.1
Project("{FAE04EC0-301F-11D3-BF4B-00C04F79EFBC}") = "API_Parcial3", "API_Parcial3.csproj", "{F707285D-FB76-40F1-8A34-BE00C741F5CA}"
EndProject
Global
	GlobalSection(SolutionConfigurationPlatforms) = preSolution
		Debug|Any CPU = Debug|Any CPU
		Release|Any CPU = Release|Any CPU
	EndGlobalSection
	GlobalSection(ProjectConfigurationPlatforms) = postSolution
		{F707285D-FB76-40F1-8A34-BE00C741F5CA}.Debug|Any CPU.ActiveCfg = Debug|Any CPU
		{F707285D-FB76-40F1-8A34-BE00C741F5CA}.Debug|Any CPU.Build.0 = Debug|Any CPU
		{F707285D-FB76-40F1-8A34-BE00C741F5CA}.Release|Any CPU.ActiveCfg = Release|Any CPU
		{F707285D-FB76-40F1-8A34-BE00C741F5CA}.Release|Any CPU.Build.0 = Release|Any CPU
	EndGlobalSection
	GlobalSection(SolutionProperties) = preSolution
		HideSolutionNode = FALSE
	EndGlobalSection
	GlobalSection(ExtensibilityGlobals) = postSolution
		SolutionGuid = {E1A99560-DE3E-401D-85BB-5EA8359C4840}
	EndGlobalSection
EndGlobal
